
Microsoft Visual Studio Solution File, Format Version 12.00
# Visual Studio Version 16
VisualStudioVersion = 16.0.30907.101
MinimumVisualStudioVersion = 10.0.40219.1
Project("{9A19103F-16F7-4668-BE54-9A1E7A4F7556}") = "Dominic", "Dominic\Dominic.csproj", "{4689C118-F251-46D5-89AB-CCE5DEA716D1}"
EndProject
Project("{9A19103F-16F7-4668-BE54-9A1E7A4F7556}") = "Dominic.Test", "Dominic.Test\Dominic.Test.csproj", "{2918275C-D2EE-4901-A190-7F95FABABD2A}"
EndProject
Project("{FAE04EC0-301F-11D3-BF4B-00C04F79EFBC}") = "Dominic.Test.Models", "Dominic.Test.Models\Dominic.Test.Models.csproj", "{B60A6549-656B-444E-B71C-FC4ED4989E8C}"
EndProject
Project("{2150E333-8FDC-42A3-9474-1A3956D46DE8}") = "StyleCop", "StyleCop", "{A8936894-D83B-4C21-9C97-9B539E7CDBA9}"
ProjectSection(SolutionItems) = preProject
	stylecop.json = stylecop.json
	.editorconfig = .editorconfig
EndProjectSection
EndProject
Global
	GlobalSection(SolutionConfigurationPlatforms) = preSolution
		Debug|Any CPU = Debug|Any CPU
		Release|Any CPU = Release|Any CPU
	EndGlobalSection
	GlobalSection(ProjectConfigurationPlatforms) = postSolution
		{4689C118-F251-46D5-89AB-CCE5DEA716D1}.Debug|Any CPU.ActiveCfg = Debug|Any CPU
		{4689C118-F251-46D5-89AB-CCE5DEA716D1}.Debug|Any CPU.Build.0 = Debug|Any CPU
		{4689C118-F251-46D5-89AB-CCE5DEA716D1}.Release|Any CPU.ActiveCfg = Release|Any CPU
		{4689C118-F251-46D5-89AB-CCE5DEA716D1}.Release|Any CPU.Build.0 = Release|Any CPU
		{2918275C-D2EE-4901-A190-7F95FABABD2A}.Debug|Any CPU.ActiveCfg = Debug|Any CPU
		{2918275C-D2EE-4901-A190-7F95FABABD2A}.Debug|Any CPU.Build.0 = Debug|Any CPU
		{2918275C-D2EE-4901-A190-7F95FABABD2A}.Release|Any CPU.ActiveCfg = Release|Any CPU
		{2918275C-D2EE-4901-A190-7F95FABABD2A}.Release|Any CPU.Build.0 = Release|Any CPU
		{B60A6549-656B-444E-B71C-FC4ED4989E8C}.Debug|Any CPU.ActiveCfg = Debug|Any CPU
		{B60A6549-656B-444E-B71C-FC4ED4989E8C}.Debug|Any CPU.Build.0 = Debug|Any CPU
		{B60A6549-656B-444E-B71C-FC4ED4989E8C}.Release|Any CPU.ActiveCfg = Release|Any CPU
		{B60A6549-656B-444E-B71C-FC4ED4989E8C}.Release|Any CPU.Build.0 = Release|Any CPU
	EndGlobalSection
	GlobalSection(SolutionProperties) = preSolution
		HideSolutionNode = FALSE
	EndGlobalSection
	GlobalSection(ExtensibilityGlobals) = postSolution
		SolutionGuid = {C457CCED-AF85-4024-8AEE-3394ACAABCC3}
	EndGlobalSection
EndGlobal
